
Microsoft Visual Studio Solution File, Format Version 12.00
# Visual Studio Version 17
VisualStudioVersion = 17.11.35327.3
MinimumVisualStudioVersion = 10.0.40219.1
Project("{FAE04EC0-301F-11D3-BF4B-00C04F79EFBC}") = "ConsumoMedioCarro", "ConsumoMedioCarro\ConsumoMedioCarro.csproj", "{B919F45B-5F65-4BFC-BB00-12C68D7C32D4}"
EndProject
Global
	GlobalSection(SolutionConfigurationPlatforms) = preSolution
		Debug|Any CPU = Debug|Any CPU
		Release|Any CPU = Release|Any CPU
	EndGlobalSection
	GlobalSection(ProjectConfigurationPlatforms) = postSolution
		{B919F45B-5F65-4BFC-BB00-12C68D7C32D4}.Debug|Any CPU.ActiveCfg = Debug|Any CPU
		{B919F45B-5F65-4BFC-BB00-12C68D7C32D4}.Debug|Any CPU.Build.0 = Debug|Any CPU
		{B919F45B-5F65-4BFC-BB00-12C68D7C32D4}.Release|Any CPU.ActiveCfg = Release|Any CPU
		{B919F45B-5F65-4BFC-BB00-12C68D7C32D4}.Release|Any CPU.Build.0 = Release|Any CPU
	EndGlobalSection
	GlobalSection(SolutionProperties) = preSolution
		HideSolutionNode = FALSE
	EndGlobalSection
	GlobalSection(ExtensibilityGlobals) = postSolution
		SolutionGuid = {D9B25445-69AE-40ED-B02C-67D5C15F1EDF}
	EndGlobalSection
EndGlobal
